
Microsoft Visual Studio Solution File, Format Version 12.00
# Visual Studio Version 17
VisualStudioVersion = 17.14.36705.20 d17.14
MinimumVisualStudioVersion = 10.0.40219.1
Project("{FAE04EC0-301F-11D3-BF4B-00C04F79EFBC}") = "PROG6212_POE_PART3", "PROG6212_POE_PART3\PROG6212_POE_PART3.csproj", "{B81E3F89-D5D0-4369-AD68-45E67DDB544D}"
EndProject
Global
	GlobalSection(SolutionConfigurationPlatforms) = preSolution
		Debug|Any CPU = Debug|Any CPU
		Release|Any CPU = Release|Any CPU
	EndGlobalSection
	GlobalSection(ProjectConfigurationPlatforms) = postSolution
		{B81E3F89-D5D0-4369-AD68-45E67DDB544D}.Debug|Any CPU.ActiveCfg = Debug|Any CPU
		{B81E3F89-D5D0-4369-AD68-45E67DDB544D}.Debug|Any CPU.Build.0 = Debug|Any CPU
		{B81E3F89-D5D0-4369-AD68-45E67DDB544D}.Release|Any CPU.ActiveCfg = Release|Any CPU
		{B81E3F89-D5D0-4369-AD68-45E67DDB544D}.Release|Any CPU.Build.0 = Release|Any CPU
	EndGlobalSection
	GlobalSection(SolutionProperties) = preSolution
		HideSolutionNode = FALSE
	EndGlobalSection
	GlobalSection(ExtensibilityGlobals) = postSolution
		SolutionGuid = {F99FD515-E6E5-4D77-A997-A368C99A1723}
	EndGlobalSection
EndGlobal
